
Microsoft Visual Studio Solution File, Format Version 12.00
# Visual Studio 14
VisualStudioVersion = 14.0.24720.0
MinimumVisualStudioVersion = 10.0.40219.1
Project("{FAE04EC0-301F-11D3-BF4B-00C04F79EFBC}") = "MyFirstWebApi", "MyFirstWebApi\MyFirstWebApi.csproj", "{85B11365-C50E-49CF-8B5C-CC54BEFA218E}"
EndProject
Project("{2150E333-8FDC-42A3-9474-1A3956D46DE8}") = "PublishScripts", "PublishScripts", "{618353D2-89DC-4AEF-AE4F-A58A152552D3}"
EndProject
Project("{2150E333-8FDC-42A3-9474-1A3956D46DE8}") = "Scripts", "Scripts", "{AAE6F0E5-04C0-4C29-9007-DBCC6EF80655}"
	ProjectSection(SolutionItems) = preProject
		PublishScripts\Scripts\Deploy-AzureResourceGroup.ps1 = PublishScripts\Scripts\Deploy-AzureResourceGroup.ps1
	EndProjectSection
EndProject
Project("{2150E333-8FDC-42A3-9474-1A3956D46DE8}") = "Templates", "Templates", "{EC42CF34-6B1F-456F-B1FE-5DA1481FEE30}"
	ProjectSection(SolutionItems) = preProject
		PublishScripts\Templates\MyFirstWebApi.json = PublishScripts\Templates\MyFirstWebApi.json
		PublishScripts\Templates\MyFirstWebApi.param.dev.json = PublishScripts\Templates\MyFirstWebApi.param.dev.json
	EndProjectSection
EndProject
Global
	GlobalSection(SolutionConfigurationPlatforms) = preSolution
		Debug|Any CPU = Debug|Any CPU
		Release|Any CPU = Release|Any CPU
	EndGlobalSection
	GlobalSection(ProjectConfigurationPlatforms) = postSolution
		{85B11365-C50E-49CF-8B5C-CC54BEFA218E}.Debug|Any CPU.ActiveCfg = Debug|Any CPU
		{85B11365-C50E-49CF-8B5C-CC54BEFA218E}.Debug|Any CPU.Build.0 = Debug|Any CPU
		{85B11365-C50E-49CF-8B5C-CC54BEFA218E}.Release|Any CPU.ActiveCfg = Release|Any CPU
		{85B11365-C50E-49CF-8B5C-CC54BEFA218E}.Release|Any CPU.Build.0 = Release|Any CPU
	EndGlobalSection
	GlobalSection(SolutionProperties) = preSolution
		HideSolutionNode = FALSE
	EndGlobalSection
	GlobalSection(NestedProjects) = preSolution
		{AAE6F0E5-04C0-4C29-9007-DBCC6EF80655} = {618353D2-89DC-4AEF-AE4F-A58A152552D3}
		{EC42CF34-6B1F-456F-B1FE-5DA1481FEE30} = {618353D2-89DC-4AEF-AE4F-A58A152552D3}
	EndGlobalSection
EndGlobal
