
Microsoft Visual Studio Solution File, Format Version 12.00
# Visual Studio 14
VisualStudioVersion = 14.0.25123.0
MinimumVisualStudioVersion = 10.0.40219.1
Project("{FAE04EC0-301F-11D3-BF4B-00C04F79EFBC}") = "Division", "Division\Division.csproj", "{2C1B1ABC-2F87-4AC5-8FC9-FF4D2CE64B7D}"
EndProject
Project("{FAE04EC0-301F-11D3-BF4B-00C04F79EFBC}") = "IsANumberInAGivenRange", "IsANumberInAGivenRange\IsANumberInAGivenRange.csproj", "{5D64CAB0-ED92-4A63-B748-52A9A238FBA5}"
EndProject
Project("{FAE04EC0-301F-11D3-BF4B-00C04F79EFBC}") = "SlopePoint", "SlopePoint\SlopePoint.csproj", "{627875DA-9E11-4644-95F3-603BCF62C3B4}"
EndProject
Global
	GlobalSection(SolutionConfigurationPlatforms) = preSolution
		Debug|Any CPU = Debug|Any CPU
		Release|Any CPU = Release|Any CPU
	EndGlobalSection
	GlobalSection(ProjectConfigurationPlatforms) = postSolution
		{2C1B1ABC-2F87-4AC5-8FC9-FF4D2CE64B7D}.Debug|Any CPU.ActiveCfg = Debug|Any CPU
		{2C1B1ABC-2F87-4AC5-8FC9-FF4D2CE64B7D}.Debug|Any CPU.Build.0 = Debug|Any CPU
		{2C1B1ABC-2F87-4AC5-8FC9-FF4D2CE64B7D}.Release|Any CPU.ActiveCfg = Release|Any CPU
		{2C1B1ABC-2F87-4AC5-8FC9-FF4D2CE64B7D}.Release|Any CPU.Build.0 = Release|Any CPU
		{5D64CAB0-ED92-4A63-B748-52A9A238FBA5}.Debug|Any CPU.ActiveCfg = Debug|Any CPU
		{5D64CAB0-ED92-4A63-B748-52A9A238FBA5}.Debug|Any CPU.Build.0 = Debug|Any CPU
		{5D64CAB0-ED92-4A63-B748-52A9A238FBA5}.Release|Any CPU.ActiveCfg = Release|Any CPU
		{5D64CAB0-ED92-4A63-B748-52A9A238FBA5}.Release|Any CPU.Build.0 = Release|Any CPU
		{627875DA-9E11-4644-95F3-603BCF62C3B4}.Debug|Any CPU.ActiveCfg = Debug|Any CPU
		{627875DA-9E11-4644-95F3-603BCF62C3B4}.Debug|Any CPU.Build.0 = Debug|Any CPU
		{627875DA-9E11-4644-95F3-603BCF62C3B4}.Release|Any CPU.ActiveCfg = Release|Any CPU
		{627875DA-9E11-4644-95F3-603BCF62C3B4}.Release|Any CPU.Build.0 = Release|Any CPU
	EndGlobalSection
	GlobalSection(SolutionProperties) = preSolution
		HideSolutionNode = FALSE
	EndGlobalSection
EndGlobal
